// !$*UTF8*$!
{
	archiveVersion = 1;
	classes = {
	};
	objectVersion = 46;
	objects = {

/* Begin PBXBuildFile section */
		4E2F1797C57B34C3111EDCCA /* Pods_TaskManagerUITests.framework in Frameworks */ = {isa = PBXBuildFile; fileRef = 13741DF03AA0B9200D1CCA55 /* Pods_TaskManagerUITests.framework */; };
		5E3AC56E1D64089C00D446E1 /* TaskPopoverViewController.swift in Sources */ = {isa = PBXBuildFile; fileRef = 5E3AC56D1D64089C00D446E1 /* TaskPopoverViewController.swift */; };
		5E3F7BA11D6FBF520045334A /* TaskPop.storyboard in Resources */ = {isa = PBXBuildFile; fileRef = 5E3F7BA01D6FBF520045334A /* TaskPop.storyboard */; };
		5E4A5A0F1D5D9E3F00181359 /* AppDelegate.swift in Sources */ = {isa = PBXBuildFile; fileRef = 5E4A5A0E1D5D9E3F00181359 /* AppDelegate.swift */; };
		5E4A5A111D5D9E3F00181359 /* ViewController.swift in Sources */ = {isa = PBXBuildFile; fileRef = 5E4A5A101D5D9E3F00181359 /* ViewController.swift */; };
		5E4A5A141D5D9E3F00181359 /* Main.storyboard in Resources */ = {isa = PBXBuildFile; fileRef = 5E4A5A121D5D9E3F00181359 /* Main.storyboard */; };
		5E4A5A161D5D9E3F00181359 /* Assets.xcassets in Resources */ = {isa = PBXBuildFile; fileRef = 5E4A5A151D5D9E3F00181359 /* Assets.xcassets */; };
		5E4A5A191D5D9E3F00181359 /* LaunchScreen.storyboard in Resources */ = {isa = PBXBuildFile; fileRef = 5E4A5A171D5D9E3F00181359 /* LaunchScreen.storyboard */; };
		5E4A5A241D5D9E3F00181359 /* TaskManagerTests.swift in Sources */ = {isa = PBXBuildFile; fileRef = 5E4A5A231D5D9E3F00181359 /* TaskManagerTests.swift */; };
		5E4A5A2F1D5D9E3F00181359 /* TaskManagerUITests.swift in Sources */ = {isa = PBXBuildFile; fileRef = 5E4A5A2E1D5D9E3F00181359 /* TaskManagerUITests.swift */; };
		5E55C7461D8B86B3001E9024 /* BaseSplitViewController.swift in Sources */ = {isa = PBXBuildFile; fileRef = 5E55C7451D8B86B3001E9024 /* BaseSplitViewController.swift */; };
		5E66EE1D1D618501006D55D6 /* TimeLineLayout.swift in Sources */ = {isa = PBXBuildFile; fileRef = 5E66EE1C1D618501006D55D6 /* TimeLineLayout.swift */; };
		5ED2D2581D82594A00197418 /* ColorTableViewController.swift in Sources */ = {isa = PBXBuildFile; fileRef = 5ED2D2571D82594A00197418 /* ColorTableViewController.swift */; };
		5ED2D25A1D82595A00197418 /* EditViewController.swift in Sources */ = {isa = PBXBuildFile; fileRef = 5ED2D2591D82595A00197418 /* EditViewController.swift */; };
		5ED2D25C1D82598A00197418 /* TaskDate.swift in Sources */ = {isa = PBXBuildFile; fileRef = 5ED2D25B1D82598A00197418 /* TaskDate.swift */; };
		5ED2D25E1D825A7700197418 /* Edit.storyboard in Resources */ = {isa = PBXBuildFile; fileRef = 5ED2D25D1D825A7700197418 /* Edit.storyboard */; };
		5ED2D2711D825BA500197418 /* Realm.framework in Frameworks */ = {isa = PBXBuildFile; fileRef = 5ED2D26F1D825BA500197418 /* Realm.framework */; };
		5ED2D2721D825BA500197418 /* RealmSwift.framework in Frameworks */ = {isa = PBXBuildFile; fileRef = 5ED2D2701D825BA500197418 /* RealmSwift.framework */; };
		66FEF8363524C0328EE97118 /* Pods_TaskManagerTests.framework in Frameworks */ = {isa = PBXBuildFile; fileRef = D66E3FE182EB4783F8247E35 /* Pods_TaskManagerTests.framework */; };
		786FE316EA57734D992142E4 /* Pods_TaskManager.framework in Frameworks */ = {isa = PBXBuildFile; fileRef = 291C808B014AC38F4504255F /* Pods_TaskManager.framework */; };
/* End PBXBuildFile section */

/* Begin PBXContainerItemProxy section */
		5E4A5A201D5D9E3F00181359 /* PBXContainerItemProxy */ = {
			isa = PBXContainerItemProxy;
			containerPortal = 5E4A5A031D5D9E3F00181359 /* Project object */;
			proxyType = 1;
			remoteGlobalIDString = 5E4A5A0A1D5D9E3F00181359;
			remoteInfo = TaskManager;
		};
		5E4A5A2B1D5D9E3F00181359 /* PBXContainerItemProxy */ = {
			isa = PBXContainerItemProxy;
			containerPortal = 5E4A5A031D5D9E3F00181359 /* Project object */;
			proxyType = 1;
			remoteGlobalIDString = 5E4A5A0A1D5D9E3F00181359;
			remoteInfo = TaskManager;
		};
/* End PBXContainerItemProxy section */

/* Begin PBXFileReference section */
		13741DF03AA0B9200D1CCA55 /* Pods_TaskManagerUITests.framework */ = {isa = PBXFileReference; explicitFileType = wrapper.framework; includeInIndex = 0; path = Pods_TaskManagerUITests.framework; sourceTree = BUILT_PRODUCTS_DIR; };
		1873BEB19900A200470E200A /* Pods-TaskManager.release.xcconfig */ = {isa = PBXFileReference; includeInIndex = 1; lastKnownFileType = text.xcconfig; name = "Pods-TaskManager.release.xcconfig"; path = "Pods/Target Support Files/Pods-TaskManager/Pods-TaskManager.release.xcconfig"; sourceTree = "<group>"; };
		291C808B014AC38F4504255F /* Pods_TaskManager.framework */ = {isa = PBXFileReference; explicitFileType = wrapper.framework; includeInIndex = 0; path = Pods_TaskManager.framework; sourceTree = BUILT_PRODUCTS_DIR; };
		2DB140E13AC82948CCB0F9DB /* Pods-TaskManagerTests.debug.xcconfig */ = {isa = PBXFileReference; includeInIndex = 1; lastKnownFileType = text.xcconfig; name = "Pods-TaskManagerTests.debug.xcconfig"; path = "Pods/Target Support Files/Pods-TaskManagerTests/Pods-TaskManagerTests.debug.xcconfig"; sourceTree = "<group>"; };
		5E3AC56D1D64089C00D446E1 /* TaskPopoverViewController.swift */ = {isa = PBXFileReference; fileEncoding = 4; lastKnownFileType = sourcecode.swift; path = TaskPopoverViewController.swift; sourceTree = "<group>"; };
		5E3F7BA01D6FBF520045334A /* TaskPop.storyboard */ = {isa = PBXFileReference; fileEncoding = 4; lastKnownFileType = file.storyboard; path = TaskPop.storyboard; sourceTree = "<group>"; };
		5E4A5A0B1D5D9E3F00181359 /* TaskManager.app */ = {isa = PBXFileReference; explicitFileType = wrapper.application; includeInIndex = 0; path = TaskManager.app; sourceTree = BUILT_PRODUCTS_DIR; };
		5E4A5A0E1D5D9E3F00181359 /* AppDelegate.swift */ = {isa = PBXFileReference; lastKnownFileType = sourcecode.swift; path = AppDelegate.swift; sourceTree = "<group>"; };
		5E4A5A101D5D9E3F00181359 /* ViewController.swift */ = {isa = PBXFileReference; lastKnownFileType = sourcecode.swift; path = ViewController.swift; sourceTree = "<group>"; };
		5E4A5A131D5D9E3F00181359 /* Base */ = {isa = PBXFileReference; lastKnownFileType = file.storyboard; name = Base; path = Base.lproj/Main.storyboard; sourceTree = "<group>"; };
		5E4A5A151D5D9E3F00181359 /* Assets.xcassets */ = {isa = PBXFileReference; lastKnownFileType = folder.assetcatalog; path = Assets.xcassets; sourceTree = "<group>"; };
		5E4A5A181D5D9E3F00181359 /* Base */ = {isa = PBXFileReference; lastKnownFileType = file.storyboard; name = Base; path = Base.lproj/LaunchScreen.storyboard; sourceTree = "<group>"; };
		5E4A5A1A1D5D9E3F00181359 /* Info.plist */ = {isa = PBXFileReference; lastKnownFileType = text.plist.xml; path = Info.plist; sourceTree = "<group>"; };
		5E4A5A1F1D5D9E3F00181359 /* TaskManagerTests.xctest */ = {isa = PBXFileReference; explicitFileType = wrapper.cfbundle; includeInIndex = 0; path = TaskManagerTests.xctest; sourceTree = BUILT_PRODUCTS_DIR; };
		5E4A5A231D5D9E3F00181359 /* TaskManagerTests.swift */ = {isa = PBXFileReference; lastKnownFileType = sourcecode.swift; path = TaskManagerTests.swift; sourceTree = "<group>"; };
		5E4A5A251D5D9E3F00181359 /* Info.plist */ = {isa = PBXFileReference; lastKnownFileType = text.plist.xml; path = Info.plist; sourceTree = "<group>"; };
		5E4A5A2A1D5D9E3F00181359 /* TaskManagerUITests.xctest */ = {isa = PBXFileReference; explicitFileType = wrapper.cfbundle; includeInIndex = 0; path = TaskManagerUITests.xctest; sourceTree = BUILT_PRODUCTS_DIR; };
		5E4A5A2E1D5D9E3F00181359 /* TaskManagerUITests.swift */ = {isa = PBXFileReference; lastKnownFileType = sourcecode.swift; path = TaskManagerUITests.swift; sourceTree = "<group>"; };
		5E4A5A301D5D9E3F00181359 /* Info.plist */ = {isa = PBXFileReference; lastKnownFileType = text.plist.xml; path = Info.plist; sourceTree = "<group>"; };
		5E55C7451D8B86B3001E9024 /* BaseSplitViewController.swift */ = {isa = PBXFileReference; fileEncoding = 4; lastKnownFileType = sourcecode.swift; path = BaseSplitViewController.swift; sourceTree = "<group>"; };
		5E66EE1C1D618501006D55D6 /* TimeLineLayout.swift */ = {isa = PBXFileReference; fileEncoding = 4; lastKnownFileType = sourcecode.swift; path = TimeLineLayout.swift; sourceTree = "<group>"; };
		5ED2D2571D82594A00197418 /* ColorTableViewController.swift */ = {isa = PBXFileReference; lastKnownFileType = sourcecode.swift; path = ColorTableViewController.swift; sourceTree = "<group>"; };
		5ED2D2591D82595A00197418 /* EditViewController.swift */ = {isa = PBXFileReference; lastKnownFileType = sourcecode.swift; path = EditViewController.swift; sourceTree = "<group>"; };
		5ED2D25B1D82598A00197418 /* TaskDate.swift */ = {isa = PBXFileReference; lastKnownFileType = sourcecode.swift; path = TaskDate.swift; sourceTree = "<group>"; };
		5ED2D25D1D825A7700197418 /* Edit.storyboard */ = {isa = PBXFileReference; lastKnownFileType = file.storyboard; path = Edit.storyboard; sourceTree = "<group>"; };
		5ED2D26F1D825BA500197418 /* Realm.framework */ = {isa = PBXFileReference; lastKnownFileType = wrapper.framework; name = Realm.framework; path = "Pods/../build/Debug-iphoneos/Realm/Realm.framework"; sourceTree = "<group>"; };
		5ED2D2701D825BA500197418 /* RealmSwift.framework */ = {isa = PBXFileReference; lastKnownFileType = wrapper.framework; name = RealmSwift.framework; path = "Pods/../build/Debug-iphoneos/RealmSwift/RealmSwift.framework"; sourceTree = "<group>"; };
		7879C1CA7B17A816378CC88A /* Pods-TaskManagerUITests.release.xcconfig */ = {isa = PBXFileReference; includeInIndex = 1; lastKnownFileType = text.xcconfig; name = "Pods-TaskManagerUITests.release.xcconfig"; path = "Pods/Target Support Files/Pods-TaskManagerUITests/Pods-TaskManagerUITests.release.xcconfig"; sourceTree = "<group>"; };
		7F03B42F7372322B8D6D9530 /* Pods-TaskManagerTests.release.xcconfig */ = {isa = PBXFileReference; includeInIndex = 1; lastKnownFileType = text.xcconfig; name = "Pods-TaskManagerTests.release.xcconfig"; path = "Pods/Target Support Files/Pods-TaskManagerTests/Pods-TaskManagerTests.release.xcconfig"; sourceTree = "<group>"; };
		A7DECFE7BE1D981FEEB43297 /* Pods-TaskManager.debug.xcconfig */ = {isa = PBXFileReference; includeInIndex = 1; lastKnownFileType = text.xcconfig; name = "Pods-TaskManager.debug.xcconfig"; path = "Pods/Target Support Files/Pods-TaskManager/Pods-TaskManager.debug.xcconfig"; sourceTree = "<group>"; };
		A92C3B5DADE1004DDDE2CB35 /* Pods-TaskManagerUITests.debug.xcconfig */ = {isa = PBXFileReference; includeInIndex = 1; lastKnownFileType = text.xcconfig; name = "Pods-TaskManagerUITests.debug.xcconfig"; path = "Pods/Target Support Files/Pods-TaskManagerUITests/Pods-TaskManagerUITests.debug.xcconfig"; sourceTree = "<group>"; };
		D66E3FE182EB4783F8247E35 /* Pods_TaskManagerTests.framework */ = {isa = PBXFileReference; explicitFileType = wrapper.framework; includeInIndex = 0; path = Pods_TaskManagerTests.framework; sourceTree = BUILT_PRODUCTS_DIR; };
/* End PBXFileReference section */

/* Begin PBXFrameworksBuildPhase section */
		5E4A5A081D5D9E3F00181359 /* Frameworks */ = {
			isa = PBXFrameworksBuildPhase;
			buildActionMask = 2147483647;
			files = (
				5ED2D2711D825BA500197418 /* Realm.framework in Frameworks */,
				5ED2D2721D825BA500197418 /* RealmSwift.framework in Frameworks */,
				786FE316EA57734D992142E4 /* Pods_TaskManager.framework in Frameworks */,
			);
			runOnlyForDeploymentPostprocessing = 0;
		};
		5E4A5A1C1D5D9E3F00181359 /* Frameworks */ = {
			isa = PBXFrameworksBuildPhase;
			buildActionMask = 2147483647;
			files = (
				66FEF8363524C0328EE97118 /* Pods_TaskManagerTests.framework in Frameworks */,
			);
			runOnlyForDeploymentPostprocessing = 0;
		};
		5E4A5A271D5D9E3F00181359 /* Frameworks */ = {
			isa = PBXFrameworksBuildPhase;
			buildActionMask = 2147483647;
			files = (
				4E2F1797C57B34C3111EDCCA /* Pods_TaskManagerUITests.framework in Frameworks */,
			);
			runOnlyForDeploymentPostprocessing = 0;
		};
/* End PBXFrameworksBuildPhase section */

/* Begin PBXGroup section */
		18C213DA98427CF1120F1140 /* Pods */ = {
			isa = PBXGroup;
			children = (
				A7DECFE7BE1D981FEEB43297 /* Pods-TaskManager.debug.xcconfig */,
				1873BEB19900A200470E200A /* Pods-TaskManager.release.xcconfig */,
				2DB140E13AC82948CCB0F9DB /* Pods-TaskManagerTests.debug.xcconfig */,
				7F03B42F7372322B8D6D9530 /* Pods-TaskManagerTests.release.xcconfig */,
				A92C3B5DADE1004DDDE2CB35 /* Pods-TaskManagerUITests.debug.xcconfig */,
				7879C1CA7B17A816378CC88A /* Pods-TaskManagerUITests.release.xcconfig */,
			);
			name = Pods;
			sourceTree = "<group>";
		};
		5E3389141D6E726A00C77815 /* Controllers */ = {
			isa = PBXGroup;
			children = (
				5ED2D2591D82595A00197418 /* EditViewController.swift */,
				5ED2D2571D82594A00197418 /* ColorTableViewController.swift */,
				5E3AC56D1D64089C00D446E1 /* TaskPopoverViewController.swift */,
				5E4A5A101D5D9E3F00181359 /* ViewController.swift */,
				5E55C7451D8B86B3001E9024 /* BaseSplitViewController.swift */,
			);
			name = Controllers;
			sourceTree = "<group>";
		};
		5E3389151D6E72D700C77815 /* Extensions */ = {
			isa = PBXGroup;
			children = (
				5E66EE1C1D618501006D55D6 /* TimeLineLayout.swift */,
			);
			name = Extensions;
			sourceTree = "<group>";
		};
		5E4A5A021D5D9E3F00181359 = {
			isa = PBXGroup;
			children = (
				5E4A5A0D1D5D9E3F00181359 /* TaskManager */,
				5E4A5A221D5D9E3F00181359 /* TaskManagerTests */,
				5E4A5A2D1D5D9E3F00181359 /* TaskManagerUITests */,
				5E4A5A0C1D5D9E3F00181359 /* Products */,
				18C213DA98427CF1120F1140 /* Pods */,
				8B3B1DFAE94138EC3F0AF5FF /* Frameworks */,
			);
			sourceTree = "<group>";
		};
		5E4A5A0C1D5D9E3F00181359 /* Products */ = {
			isa = PBXGroup;
			children = (
				5E4A5A0B1D5D9E3F00181359 /* TaskManager.app */,
				5E4A5A1F1D5D9E3F00181359 /* TaskManagerTests.xctest */,
				5E4A5A2A1D5D9E3F00181359 /* TaskManagerUITests.xctest */,
			);
			name = Products;
			sourceTree = "<group>";
		};
		5E4A5A0D1D5D9E3F00181359 /* TaskManager */ = {
			isa = PBXGroup;
			children = (
				5ED2D25B1D82598A00197418 /* TaskDate.swift */,
				5E4A5A0E1D5D9E3F00181359 /* AppDelegate.swift */,
				5E3389141D6E726A00C77815 /* Controllers */,
				5E3389151D6E72D700C77815 /* Extensions */,
				5E4A5A121D5D9E3F00181359 /* Main.storyboard */,
				5ED2D25D1D825A7700197418 /* Edit.storyboard */,
				5E3F7BA01D6FBF520045334A /* TaskPop.storyboard */,
				5E4A5A151D5D9E3F00181359 /* Assets.xcassets */,
				5E4A5A171D5D9E3F00181359 /* LaunchScreen.storyboard */,
				5E4A5A1A1D5D9E3F00181359 /* Info.plist */,
			);
			path = TaskManager;
			sourceTree = "<group>";
		};
		5E4A5A221D5D9E3F00181359 /* TaskManagerTests */ = {
			isa = PBXGroup;
			children = (
				5E4A5A231D5D9E3F00181359 /* TaskManagerTests.swift */,
				5E4A5A251D5D9E3F00181359 /* Info.plist */,
			);
			path = TaskManagerTests;
			sourceTree = "<group>";
		};
		5E4A5A2D1D5D9E3F00181359 /* TaskManagerUITests */ = {
			isa = PBXGroup;
			children = (
				5E4A5A2E1D5D9E3F00181359 /* TaskManagerUITests.swift */,
				5E4A5A301D5D9E3F00181359 /* Info.plist */,
			);
			path = TaskManagerUITests;
			sourceTree = "<group>";
		};
		8B3B1DFAE94138EC3F0AF5FF /* Frameworks */ = {
			isa = PBXGroup;
			children = (
				5ED2D26F1D825BA500197418 /* Realm.framework */,
				5ED2D2701D825BA500197418 /* RealmSwift.framework */,
				291C808B014AC38F4504255F /* Pods_TaskManager.framework */,
				D66E3FE182EB4783F8247E35 /* Pods_TaskManagerTests.framework */,
				13741DF03AA0B9200D1CCA55 /* Pods_TaskManagerUITests.framework */,
			);
			name = Frameworks;
			sourceTree = "<group>";
		};
/* End PBXGroup section */

/* Begin PBXNativeTarget section */
		5E4A5A0A1D5D9E3F00181359 /* TaskManager */ = {
			isa = PBXNativeTarget;
			buildConfigurationList = 5E4A5A331D5D9E3F00181359 /* Build configuration list for PBXNativeTarget "TaskManager" */;
			buildPhases = (
				FCAF9D2380C8B6C1DE8B8274 /* [CP] Check Pods Manifest.lock */,
				5E4A5A071D5D9E3F00181359 /* Sources */,
				5E4A5A081D5D9E3F00181359 /* Frameworks */,
				5E4A5A091D5D9E3F00181359 /* Resources */,
				FF210D21BD504C2578392141 /* [CP] Embed Pods Frameworks */,
				D56E388DBFB6216C382BACC8 /* [CP] Copy Pods Resources */,
			);
			buildRules = (
			);
			dependencies = (
			);
			name = TaskManager;
			productName = TaskManager;
			productReference = 5E4A5A0B1D5D9E3F00181359 /* TaskManager.app */;
			productType = "com.apple.product-type.application";
		};
		5E4A5A1E1D5D9E3F00181359 /* TaskManagerTests */ = {
			isa = PBXNativeTarget;
			buildConfigurationList = 5E4A5A361D5D9E3F00181359 /* Build configuration list for PBXNativeTarget "TaskManagerTests" */;
			buildPhases = (
				465A170BA2E3648B98ADE2F5 /* [CP] Check Pods Manifest.lock */,
				5E4A5A1B1D5D9E3F00181359 /* Sources */,
				5E4A5A1C1D5D9E3F00181359 /* Frameworks */,
				5E4A5A1D1D5D9E3F00181359 /* Resources */,
				BF46A9A30C2A81D05603EF83 /* [CP] Embed Pods Frameworks */,
				AF3A3C2A3F214547BA41C190 /* [CP] Copy Pods Resources */,
			);
			buildRules = (
			);
			dependencies = (
				5E4A5A211D5D9E3F00181359 /* PBXTargetDependency */,
			);
			name = TaskManagerTests;
			productName = TaskManagerTests;
			productReference = 5E4A5A1F1D5D9E3F00181359 /* TaskManagerTests.xctest */;
			productType = "com.apple.product-type.bundle.unit-test";
		};
		5E4A5A291D5D9E3F00181359 /* TaskManagerUITests */ = {
			isa = PBXNativeTarget;
			buildConfigurationList = 5E4A5A391D5D9E3F00181359 /* Build configuration list for PBXNativeTarget "TaskManagerUITests" */;
			buildPhases = (
				BB9A175BC032A57F92AE0F65 /* [CP] Check Pods Manifest.lock */,
				5E4A5A261D5D9E3F00181359 /* Sources */,
				5E4A5A271D5D9E3F00181359 /* Frameworks */,
				5E4A5A281D5D9E3F00181359 /* Resources */,
				F27A5ADCC1D9DC16E1A1DC45 /* [CP] Copy Pods Resources */,
			);
			buildRules = (
			);
			dependencies = (
				5E4A5A2C1D5D9E3F00181359 /* PBXTargetDependency */,
			);
			name = TaskManagerUITests;
			productName = TaskManagerUITests;
			productReference = 5E4A5A2A1D5D9E3F00181359 /* TaskManagerUITests.xctest */;
			productType = "com.apple.product-type.bundle.ui-testing";
		};
/* End PBXNativeTarget section */

/* Begin PBXProject section */
		5E4A5A031D5D9E3F00181359 /* Project object */ = {
			isa = PBXProject;
			attributes = {
				LastSwiftUpdateCheck = 0730;
				LastUpgradeCheck = 0730;
				ORGANIZATIONNAME = "青木孝乃輔";
				TargetAttributes = {
					5E4A5A0A1D5D9E3F00181359 = {
						CreatedOnToolsVersion = 7.3.1;
					};
					5E4A5A1E1D5D9E3F00181359 = {
						CreatedOnToolsVersion = 7.3.1;
						TestTargetID = 5E4A5A0A1D5D9E3F00181359;
					};
					5E4A5A291D5D9E3F00181359 = {
						CreatedOnToolsVersion = 7.3.1;
						TestTargetID = 5E4A5A0A1D5D9E3F00181359;
					};
				};
			};
			buildConfigurationList = 5E4A5A061D5D9E3F00181359 /* Build configuration list for PBXProject "TaskManager" */;
			compatibilityVersion = "Xcode 3.2";
			developmentRegion = English;
			hasScannedForEncodings = 0;
			knownRegions = (
				en,
				Base,
			);
			mainGroup = 5E4A5A021D5D9E3F00181359;
			productRefGroup = 5E4A5A0C1D5D9E3F00181359 /* Products */;
			projectDirPath = "";
			projectRoot = "";
			targets = (
				5E4A5A0A1D5D9E3F00181359 /* TaskManager */,
				5E4A5A1E1D5D9E3F00181359 /* TaskManagerTests */,
				5E4A5A291D5D9E3F00181359 /* TaskManagerUITests */,
			);
		};
/* End PBXProject section */

/* Begin PBXResourcesBuildPhase section */
		5E4A5A091D5D9E3F00181359 /* Resources */ = {
			isa = PBXResourcesBuildPhase;
			buildActionMask = 2147483647;
			files = (
				5ED2D25E1D825A7700197418 /* Edit.storyboard in Resources */,
				5E4A5A191D5D9E3F00181359 /* LaunchScreen.storyboard in Resources */,
				5E4A5A161D5D9E3F00181359 /* Assets.xcassets in Resources */,
				5E4A5A141D5D9E3F00181359 /* Main.storyboard in Resources */,
				5E3F7BA11D6FBF520045334A /* TaskPop.storyboard in Resources */,
			);
			runOnlyForDeploymentPostprocessing = 0;
		};
		5E4A5A1D1D5D9E3F00181359 /* Resources */ = {
			isa = PBXResourcesBuildPhase;
			buildActionMask = 2147483647;
			files = (
			);
			runOnlyForDeploymentPostprocessing = 0;
		};
		5E4A5A281D5D9E3F00181359 /* Resources */ = {
			isa = PBXResourcesBuildPhase;
			buildActionMask = 2147483647;
			files = (
			);
			runOnlyForDeploymentPostprocessing = 0;
		};
/* End PBXResourcesBuildPhase section */

/* Begin PBXShellScriptBuildPhase section */
		465A170BA2E3648B98ADE2F5 /* [CP] Check Pods Manifest.lock */ = {
			isa = PBXShellScriptBuildPhase;
			buildActionMask = 2147483647;
			files = (
			);
			inputPaths = (
			);
			name = "[CP] Check Pods Manifest.lock";
			outputPaths = (
			);
			runOnlyForDeploymentPostprocessing = 0;
			shellPath = /bin/sh;
			shellScript = "diff \"${PODS_ROOT}/../Podfile.lock\" \"${PODS_ROOT}/Manifest.lock\" > /dev/null\nif [[ $? != 0 ]] ; then\n    cat << EOM\nerror: The sandbox is not in sync with the Podfile.lock. Run 'pod install' or update your CocoaPods installation.\nEOM\n    exit 1\nfi\n";
			showEnvVarsInLog = 0;
		};
		AF3A3C2A3F214547BA41C190 /* [CP] Copy Pods Resources */ = {
			isa = PBXShellScriptBuildPhase;
			buildActionMask = 2147483647;
			files = (
			);
			inputPaths = (
			);
			name = "[CP] Copy Pods Resources";
			outputPaths = (
			);
			runOnlyForDeploymentPostprocessing = 0;
			shellPath = /bin/sh;
			shellScript = "\"${SRCROOT}/Pods/Target Support Files/Pods-TaskManagerTests/Pods-TaskManagerTests-resources.sh\"\n";
			showEnvVarsInLog = 0;
		};
		BB9A175BC032A57F92AE0F65 /* [CP] Check Pods Manifest.lock */ = {
			isa = PBXShellScriptBuildPhase;
			buildActionMask = 2147483647;
			files = (
			);
			inputPaths = (
			);
			name = "[CP] Check Pods Manifest.lock";
			outputPaths = (
			);
			runOnlyForDeploymentPostprocessing = 0;
			shellPath = /bin/sh;
			shellScript = "diff \"${PODS_ROOT}/../Podfile.lock\" \"${PODS_ROOT}/Manifest.lock\" > /dev/null\nif [[ $? != 0 ]] ; then\n    cat << EOM\nerror: The sandbox is not in sync with the Podfile.lock. Run 'pod install' or update your CocoaPods installation.\nEOM\n    exit 1\nfi\n";
			showEnvVarsInLog = 0;
		};
		BF46A9A30C2A81D05603EF83 /* [CP] Embed Pods Frameworks */ = {
			isa = PBXShellScriptBuildPhase;
			buildActionMask = 2147483647;
			files = (
			);
			inputPaths = (
			);
			name = "[CP] Embed Pods Frameworks";
			outputPaths = (
			);
			runOnlyForDeploymentPostprocessing = 0;
			shellPath = /bin/sh;
			shellScript = "\"${SRCROOT}/Pods/Target Support Files/Pods-TaskManagerTests/Pods-TaskManagerTests-frameworks.sh\"\n";
			showEnvVarsInLog = 0;
		};
		D56E388DBFB6216C382BACC8 /* [CP] Copy Pods Resources */ = {
			isa = PBXShellScriptBuildPhase;
			buildActionMask = 2147483647;
			files = (
			);
			inputPaths = (
			);
			name = "[CP] Copy Pods Resources";
			outputPaths = (
			);
			runOnlyForDeploymentPostprocessing = 0;
			shellPath = /bin/sh;
			shellScript = "\"${SRCROOT}/Pods/Target Support Files/Pods-TaskManager/Pods-TaskManager-resources.sh\"\n";
			showEnvVarsInLog = 0;
		};
		F27A5ADCC1D9DC16E1A1DC45 /* [CP] Copy Pods Resources */ = {
			isa = PBXShellScriptBuildPhase;
			buildActionMask = 2147483647;
			files = (
			);
			inputPaths = (
			);
			name = "[CP] Copy Pods Resources";
			outputPaths = (
			);
			runOnlyForDeploymentPostprocessing = 0;
			shellPath = /bin/sh;
			shellScript = "\"${SRCROOT}/Pods/Target Support Files/Pods-TaskManagerUITests/Pods-TaskManagerUITests-resources.sh\"\n";
			showEnvVarsInLog = 0;
		};
		FCAF9D2380C8B6C1DE8B8274 /* [CP] Check Pods Manifest.lock */ = {
			isa = PBXShellScriptBuildPhase;
			buildActionMask = 2147483647;
			files = (
			);
			inputPaths = (
			);
			name = "[CP] Check Pods Manifest.lock";
			outputPaths = (
			);
			runOnlyForDeploymentPostprocessing = 0;
			shellPath = /bin/sh;
			shellScript = "diff \"${PODS_ROOT}/../Podfile.lock\" \"${PODS_ROOT}/Manifest.lock\" > /dev/null\nif [[ $? != 0 ]] ; then\n    cat << EOM\nerror: The sandbox is not in sync with the Podfile.lock. Run 'pod install' or update your CocoaPods installation.\nEOM\n    exit 1\nfi\n";
			showEnvVarsInLog = 0;
		};
		FF210D21BD504C2578392141 /* [CP] Embed Pods Frameworks */ = {
			isa = PBXShellScriptBuildPhase;
			buildActionMask = 2147483647;
			files = (
			);
			inputPaths = (
			);
			name = "[CP] Embed Pods Frameworks";
			outputPaths = (
			);
			runOnlyForDeploymentPostprocessing = 0;
			shellPath = /bin/sh;
			shellScript = "\"${SRCROOT}/Pods/Target Support Files/Pods-TaskManager/Pods-TaskManager-frameworks.sh\"\n";
			showEnvVarsInLog = 0;
		};
/* End PBXShellScriptBuildPhase section */

/* Begin PBXSourcesBuildPhase section */
		5E4A5A071D5D9E3F00181359 /* Sources */ = {
			isa = PBXSourcesBuildPhase;
			buildActionMask = 2147483647;
			files = (
				5ED2D25C1D82598A00197418 /* TaskDate.swift in Sources */,
				5ED2D25A1D82595A00197418 /* EditViewController.swift in Sources */,
				5ED2D2581D82594A00197418 /* ColorTableViewController.swift in Sources */,
				5E66EE1D1D618501006D55D6 /* TimeLineLayout.swift in Sources */,
				5E4A5A111D5D9E3F00181359 /* ViewController.swift in Sources */,
				5E3AC56E1D64089C00D446E1 /* TaskPopoverViewController.swift in Sources */,
				5E55C7461D8B86B3001E9024 /* BaseSplitViewController.swift in Sources */,
				5E4A5A0F1D5D9E3F00181359 /* AppDelegate.swift in Sources */,
			);
			runOnlyForDeploymentPostprocessing = 0;
		};
		5E4A5A1B1D5D9E3F00181359 /* Sources */ = {
			isa = PBXSourcesBuildPhase;
			buildActionMask = 2147483647;
			files = (
				5E4A5A241D5D9E3F00181359 /* TaskManagerTests.swift in Sources */,
			);
			runOnlyForDeploymentPostprocessing = 0;
		};
		5E4A5A261D5D9E3F00181359 /* Sources */ = {
			isa = PBXSourcesBuildPhase;
			buildActionMask = 2147483647;
			files = (
				5E4A5A2F1D5D9E3F00181359 /* TaskManagerUITests.swift in Sources */,
			);
			runOnlyForDeploymentPostprocessing = 0;
		};
/* End PBXSourcesBuildPhase section */

/* Begin PBXTargetDependency section */
		5E4A5A211D5D9E3F00181359 /* PBXTargetDependency */ = {
			isa = PBXTargetDependency;
			target = 5E4A5A0A1D5D9E3F00181359 /* TaskManager */;
			targetProxy = 5E4A5A201D5D9E3F00181359 /* PBXContainerItemProxy */;
		};
		5E4A5A2C1D5D9E3F00181359 /* PBXTargetDependency */ = {
			isa = PBXTargetDependency;
			target = 5E4A5A0A1D5D9E3F00181359 /* TaskManager */;
			targetProxy = 5E4A5A2B1D5D9E3F00181359 /* PBXContainerItemProxy */;
		};
/* End PBXTargetDependency section */

/* Begin PBXVariantGroup section */
		5E4A5A121D5D9E3F00181359 /* Main.storyboard */ = {
			isa = PBXVariantGroup;
			children = (
				5E4A5A131D5D9E3F00181359 /* Base */,
			);
			name = Main.storyboard;
			sourceTree = "<group>";
		};
		5E4A5A171D5D9E3F00181359 /* LaunchScreen.storyboard */ = {
			isa = PBXVariantGroup;
			children = (
				5E4A5A181D5D9E3F00181359 /* Base */,
			);
			name = LaunchScreen.storyboard;
			sourceTree = "<group>";
		};
/* End PBXVariantGroup section */

/* Begin XCBuildConfiguration section */
		5E4A5A311D5D9E3F00181359 /* Debug */ = {
			isa = XCBuildConfiguration;
			buildSettings = {
				ALWAYS_SEARCH_USER_PATHS = NO;
				CLANG_ANALYZER_NONNULL = YES;
				CLANG_CXX_LANGUAGE_STANDARD = "gnu++0x";
				CLANG_CXX_LIBRARY = "libc++";
				CLANG_ENABLE_MODULES = YES;
				CLANG_ENABLE_OBJC_ARC = YES;
				CLANG_WARN_BOOL_CONVERSION = YES;
				CLANG_WARN_CONSTANT_CONVERSION = YES;
				CLANG_WARN_DIRECT_OBJC_ISA_USAGE = YES_ERROR;
				CLANG_WARN_EMPTY_BODY = YES;
				CLANG_WARN_ENUM_CONVERSION = YES;
				CLANG_WARN_INT_CONVERSION = YES;
				CLANG_WARN_OBJC_ROOT_CLASS = YES_ERROR;
				CLANG_WARN_UNREACHABLE_CODE = YES;
				CLANG_WARN__DUPLICATE_METHOD_MATCH = YES;
				"CODE_SIGN_IDENTITY[sdk=iphoneos*]" = "iPhone Developer";
				COPY_PHASE_STRIP = NO;
				DEBUG_INFORMATION_FORMAT = dwarf;
				ENABLE_STRICT_OBJC_MSGSEND = YES;
				ENABLE_TESTABILITY = YES;
				GCC_C_LANGUAGE_STANDARD = gnu99;
				GCC_DYNAMIC_NO_PIC = NO;
				GCC_NO_COMMON_BLOCKS = YES;
				GCC_OPTIMIZATION_LEVEL = 0;
				GCC_PREPROCESSOR_DEFINITIONS = (
					"DEBUG=1",
					"$(inherited)",
				);
				GCC_WARN_64_TO_32_BIT_CONVERSION = YES;
				GCC_WARN_ABOUT_RETURN_TYPE = YES_ERROR;
				GCC_WARN_UNDECLARED_SELECTOR = YES;
				GCC_WARN_UNINITIALIZED_AUTOS = YES_AGGRESSIVE;
				GCC_WARN_UNUSED_FUNCTION = YES;
				GCC_WARN_UNUSED_VARIABLE = YES;
				IPHONEOS_DEPLOYMENT_TARGET = 9.3;
				MTL_ENABLE_DEBUG_INFO = YES;
				ONLY_ACTIVE_ARCH = YES;
				SDKROOT = iphoneos;
				SWIFT_OPTIMIZATION_LEVEL = "-Onone";
				TARGETED_DEVICE_FAMILY = "1,2";
			};
			name = Debug;
		};
		5E4A5A321D5D9E3F00181359 /* Release */ = {
			isa = XCBuildConfiguration;
			buildSettings = {
				ALWAYS_SEARCH_USER_PATHS = NO;
				CLANG_ANALYZER_NONNULL = YES;
				CLANG_CXX_LANGUAGE_STANDARD = "gnu++0x";
				CLANG_CXX_LIBRARY = "libc++";
				CLANG_ENABLE_MODULES = YES;
				CLANG_ENABLE_OBJC_ARC = YES;
				CLANG_WARN_BOOL_CONVERSION = YES;
				CLANG_WARN_CONSTANT_CONVERSION = YES;
				CLANG_WARN_DIRECT_OBJC_ISA_USAGE = YES_ERROR;
				CLANG_WARN_EMPTY_BODY = YES;
				CLANG_WARN_ENUM_CONVERSION = YES;
				CLANG_WARN_INT_CONVERSION = YES;
				CLANG_WARN_OBJC_ROOT_CLASS = YES_ERROR;
				CLANG_WARN_UNREACHABLE_CODE = YES;
				CLANG_WARN__DUPLICATE_METHOD_MATCH = YES;
				"CODE_SIGN_IDENTITY[sdk=iphoneos*]" = "iPhone Developer";
				COPY_PHASE_STRIP = NO;
				DEBUG_INFORMATION_FORMAT = "dwarf-with-dsym";
				ENABLE_NS_ASSERTIONS = NO;
				ENABLE_STRICT_OBJC_MSGSEND = YES;
				GCC_C_LANGUAGE_STANDARD = gnu99;
				GCC_NO_COMMON_BLOCKS = YES;
				GCC_WARN_64_TO_32_BIT_CONVERSION = YES;
				GCC_WARN_ABOUT_RETURN_TYPE = YES_ERROR;
				GCC_WARN_UNDECLARED_SELECTOR = YES;
				GCC_WARN_UNINITIALIZED_AUTOS = YES_AGGRESSIVE;
				GCC_WARN_UNUSED_FUNCTION = YES;
				GCC_WARN_UNUSED_VARIABLE = YES;
				IPHONEOS_DEPLOYMENT_TARGET = 9.3;
				MTL_ENABLE_DEBUG_INFO = NO;
				SDKROOT = iphoneos;
				TARGETED_DEVICE_FAMILY = "1,2";
				VALIDATE_PRODUCT = YES;
			};
			name = Release;
		};
		5E4A5A341D5D9E3F00181359 /* Debug */ = {
			isa = XCBuildConfiguration;
			baseConfigurationReference = A7DECFE7BE1D981FEEB43297 /* Pods-TaskManager.debug.xcconfig */;
			buildSettings = {
				ASSETCATALOG_COMPILER_APPICON_NAME = AppIcon;
				FRAMEWORK_SEARCH_PATHS = (
					"$(inherited)",
					"$(PROJECT_DIR)/build/Debug-iphoneos/Realm",
					"$(PROJECT_DIR)/build/Debug-iphoneos/RealmSwift",
				);
				INFOPLIST_FILE = TaskManager/Info.plist;
				LD_RUNPATH_SEARCH_PATHS = "$(inherited) @executable_path/Frameworks";
				PRODUCT_BUNDLE_IDENTIFIER = TaskManager.TaskManager;
				PRODUCT_NAME = "$(TARGET_NAME)";
				TARGETED_DEVICE_FAMILY = "1,2";
			};
			name = Debug;
		};
		5E4A5A351D5D9E3F00181359 /* Release */ = {
			isa = XCBuildConfiguration;
			baseConfigurationReference = 1873BEB19900A200470E200A /* Pods-TaskManager.release.xcconfig */;
			buildSettings = {
				ASSETCATALOG_COMPILER_APPICON_NAME = AppIcon;
				FRAMEWORK_SEARCH_PATHS = (
					"$(inherited)",
					"$(PROJECT_DIR)/build/Debug-iphoneos/Realm",
					"$(PROJECT_DIR)/build/Debug-iphoneos/RealmSwift",
				);
				INFOPLIST_FILE = TaskManager/Info.plist;
				LD_RUNPATH_SEARCH_PATHS = "$(inherited) @executable_path/Frameworks";
				PRODUCT_BUNDLE_IDENTIFIER = TaskManager.TaskManager;
				PRODUCT_NAME = "$(TARGET_NAME)";
				TARGETED_DEVICE_FAMILY = "1,2";
			};
			name = Release;
		};
		5E4A5A371D5D9E3F00181359 /* Debug */ = {
			isa = XCBuildConfiguration;
			baseConfigurationReference = 2DB140E13AC82948CCB0F9DB /* Pods-TaskManagerTests.debug.xcconfig */;
			buildSettings = {
				BUNDLE_LOADER = "$(TEST_HOST)";
				INFOPLIST_FILE = TaskManagerTests/Info.plist;
				LD_RUNPATH_SEARCH_PATHS = "$(inherited) @executable_path/Frameworks @loader_path/Frameworks";
				PRODUCT_BUNDLE_IDENTIFIER = TaskManager.TaskManagerTests;
				PRODUCT_NAME = "$(TARGET_NAME)";
				TEST_HOST = "$(BUILT_PRODUCTS_DIR)/TaskManager.app/TaskManager";
			};
			name = Debug;
		};
		5E4A5A381D5D9E3F00181359 /* Release */ = {
			isa = XCBuildConfiguration;
			baseConfigurationReference = 7F03B42F7372322B8D6D9530 /* Pods-TaskManagerTests.release.xcconfig */;
			buildSettings = {
				BUNDLE_LOADER = "$(TEST_HOST)";
				INFOPLIST_FILE = TaskManagerTests/Info.plist;
				LD_RUNPATH_SEARCH_PATHS = "$(inherited) @executable_path/Frameworks @loader_path/Frameworks";
				PRODUCT_BUNDLE_IDENTIFIER = TaskManager.TaskManagerTests;
				PRODUCT_NAME = "$(TARGET_NAME)";
				TEST_HOST = "$(BUILT_PRODUCTS_DIR)/TaskManager.app/TaskManager";
			};
			name = Release;
		};
		5E4A5A3A1D5D9E3F00181359 /* Debug */ = {
			isa = XCBuildConfiguration;
			baseConfigurationReference = A92C3B5DADE1004DDDE2CB35 /* Pods-TaskManagerUITests.debug.xcconfig */;
			buildSettings = {
				INFOPLIST_FILE = TaskManagerUITests/Info.plist;
				LD_RUNPATH_SEARCH_PATHS = "$(inherited) @executable_path/Frameworks @loader_path/Frameworks";
				PRODUCT_BUNDLE_IDENTIFIER = TaskManager.TaskManagerUITests;
				PRODUCT_NAME = "$(TARGET_NAME)";
				TEST_TARGET_NAME = TaskManager;
			};
			name = Debug;
		};
		5E4A5A3B1D5D9E3F00181359 /* Release */ = {
			isa = XCBuildConfiguration;
			baseConfigurationReference = 7879C1CA7B17A816378CC88A /* Pods-TaskManagerUITests.release.xcconfig */;
			buildSettings = {
				INFOPLIST_FILE = TaskManagerUITests/Info.plist;
				LD_RUNPATH_SEARCH_PATHS = "$(inherited) @executable_path/Frameworks @loader_path/Frameworks";
				PRODUCT_BUNDLE_IDENTIFIER = TaskManager.TaskManagerUITests;
				PRODUCT_NAME = "$(TARGET_NAME)";
				TEST_TARGET_NAME = TaskManager;
			};
			name = Release;
		};
/* End XCBuildConfiguration section */

/* Begin XCConfigurationList section */
		5E4A5A061D5D9E3F00181359 /* Build configuration list for PBXProject "TaskManager" */ = {
			isa = XCConfigurationList;
			buildConfigurations = (
				5E4A5A311D5D9E3F00181359 /* Debug */,
				5E4A5A321D5D9E3F00181359 /* Release */,
			);
			defaultConfigurationIsVisible = 0;
			defaultConfigurationName = Release;
		};
		5E4A5A331D5D9E3F00181359 /* Build configuration list for PBXNativeTarget "TaskManager" */ = {
			isa = XCConfigurationList;
			buildConfigurations = (
				5E4A5A341D5D9E3F00181359 /* Debug */,
				5E4A5A351D5D9E3F00181359 /* Release */,
			);
			defaultConfigurationIsVisible = 0;
			defaultConfigurationName = Release;
		};
		5E4A5A361D5D9E3F00181359 /* Build configuration list for PBXNativeTarget "TaskManagerTests" */ = {
			isa = XCConfigurationList;
			buildConfigurations = (
				5E4A5A371D5D9E3F00181359 /* Debug */,
				5E4A5A381D5D9E3F00181359 /* Release */,
			);
			defaultConfigurationIsVisible = 0;
			defaultConfigurationName = Release;
		};
		5E4A5A391D5D9E3F00181359 /* Build configuration list for PBXNativeTarget "TaskManagerUITests" */ = {
			isa = XCConfigurationList;
			buildConfigurations = (
				5E4A5A3A1D5D9E3F00181359 /* Debug */,
				5E4A5A3B1D5D9E3F00181359 /* Release */,
			);
			defaultConfigurationIsVisible = 0;
			defaultConfigurationName = Release;
		};
/* End XCConfigurationList section */
	};
	rootObject = 5E4A5A031D5D9E3F00181359 /* Project object */;
}
